
Microsoft Visual Studio Solution File, Format Version 12.00
# Visual Studio Version 16
VisualStudioVersion = 16.0.30104.148
MinimumVisualStudioVersion = 10.0.40219.1
Project("{FAE04EC0-301F-11D3-BF4B-00C04F79EFBC}") = "SHWithDB", "SHWithDB\SHWithDB.csproj", "{1508D5A1-3C89-4069-935A-CB67E1DD303C}"
EndProject
Global
	GlobalSection(SolutionConfigurationPlatforms) = preSolution
		Debug|Any CPU = Debug|Any CPU
		Release|Any CPU = Release|Any CPU
	EndGlobalSection
	GlobalSection(ProjectConfigurationPlatforms) = postSolution
		{1508D5A1-3C89-4069-935A-CB67E1DD303C}.Debug|Any CPU.ActiveCfg = Debug|Any CPU
		{1508D5A1-3C89-4069-935A-CB67E1DD303C}.Debug|Any CPU.Build.0 = Debug|Any CPU
		{1508D5A1-3C89-4069-935A-CB67E1DD303C}.Release|Any CPU.ActiveCfg = Release|Any CPU
		{1508D5A1-3C89-4069-935A-CB67E1DD303C}.Release|Any CPU.Build.0 = Release|Any CPU
	EndGlobalSection
	GlobalSection(SolutionProperties) = preSolution
		HideSolutionNode = FALSE
	EndGlobalSection
	GlobalSection(ExtensibilityGlobals) = postSolution
		SolutionGuid = {E732A768-3CB9-4FB5-9DE2-80C540F97C65}
	EndGlobalSection
EndGlobal
